
Microsoft Visual Studio Solution File, Format Version 12.00
# Visual Studio Version 16
VisualStudioVersion = 16.0.31624.102
MinimumVisualStudioVersion = 10.0.40219.1
Project("{FAE04EC0-301F-11D3-BF4B-00C04F79EFBC}") = "TicTac3", "TicTac3.csproj", "{0ECE9667-8ABF-4A58-A590-3E42632F0CCF}"
EndProject
Global
	GlobalSection(SolutionConfigurationPlatforms) = preSolution
		Debug|Any CPU = Debug|Any CPU
		Release|Any CPU = Release|Any CPU
	EndGlobalSection
	GlobalSection(ProjectConfigurationPlatforms) = postSolution
		{0ECE9667-8ABF-4A58-A590-3E42632F0CCF}.Debug|Any CPU.ActiveCfg = Debug|Any CPU
		{0ECE9667-8ABF-4A58-A590-3E42632F0CCF}.Debug|Any CPU.Build.0 = Debug|Any CPU
		{0ECE9667-8ABF-4A58-A590-3E42632F0CCF}.Release|Any CPU.ActiveCfg = Release|Any CPU
		{0ECE9667-8ABF-4A58-A590-3E42632F0CCF}.Release|Any CPU.Build.0 = Release|Any CPU
	EndGlobalSection
	GlobalSection(SolutionProperties) = preSolution
		HideSolutionNode = FALSE
	EndGlobalSection
	GlobalSection(ExtensibilityGlobals) = postSolution
		SolutionGuid = {B0D27C74-392A-40AF-9AB2-D97DEB2DA584}
	EndGlobalSection
EndGlobal
